// !$*UTF8*$!
{
	archiveVersion = 1;
	classes = {
	};
	objectVersion = 50;
	objects = {

/* Begin PBXBuildFile section */
		F8178F3621019A4700D2C8B0 /* AppDelegate.swift in Sources */ = {isa = PBXBuildFile; fileRef = F8178F3521019A4700D2C8B0 /* AppDelegate.swift */; };
		F8178F3821019A4700D2C8B0 /* ViewController.swift in Sources */ = {isa = PBXBuildFile; fileRef = F8178F3721019A4700D2C8B0 /* ViewController.swift */; };
		F8178F3B21019A4700D2C8B0 /* Main.storyboard in Resources */ = {isa = PBXBuildFile; fileRef = F8178F3921019A4700D2C8B0 /* Main.storyboard */; };
		F8178F3D21019A4800D2C8B0 /* Assets.xcassets in Resources */ = {isa = PBXBuildFile; fileRef = F8178F3C21019A4800D2C8B0 /* Assets.xcassets */; };
		F8178F4021019A4800D2C8B0 /* LaunchScreen.storyboard in Resources */ = {isa = PBXBuildFile; fileRef = F8178F3E21019A4800D2C8B0 /* LaunchScreen.storyboard */; };
		F8178F4B21019A4800D2C8B0 /* TPM_TipCalculatorTests.swift in Sources */ = {isa = PBXBuildFile; fileRef = F8178F4A21019A4800D2C8B0 /* TPM_TipCalculatorTests.swift */; };
		F8178F5621019A4800D2C8B0 /* TPM_TipCalculatorUITests.swift in Sources */ = {isa = PBXBuildFile; fileRef = F8178F5521019A4800D2C8B0 /* TPM_TipCalculatorUITests.swift */; };
/* End PBXBuildFile section */

/* Begin PBXContainerItemProxy section */
		F8178F4721019A4800D2C8B0 /* PBXContainerItemProxy */ = {
			isa = PBXContainerItemProxy;
			containerPortal = F8178F2A21019A4700D2C8B0 /* Project object */;
			proxyType = 1;
			remoteGlobalIDString = F8178F3121019A4700D2C8B0;
			remoteInfo = "TPM-TipCalculator";
		};
		F8178F5221019A4800D2C8B0 /* PBXContainerItemProxy */ = {
			isa = PBXContainerItemProxy;
			containerPortal = F8178F2A21019A4700D2C8B0 /* Project object */;
			proxyType = 1;
			remoteGlobalIDString = F8178F3121019A4700D2C8B0;
			remoteInfo = "TPM-TipCalculator";
		};
/* End PBXContainerItemProxy section */

/* Begin PBXFileReference section */
		F8178F3221019A4700D2C8B0 /* TPM-TipCalculator.app */ = {isa = PBXFileReference; explicitFileType = wrapper.application; includeInIndex = 0; path = "TPM-TipCalculator.app"; sourceTree = BUILT_PRODUCTS_DIR; };
		F8178F3521019A4700D2C8B0 /* AppDelegate.swift */ = {isa = PBXFileReference; lastKnownFileType = sourcecode.swift; path = AppDelegate.swift; sourceTree = "<group>"; };
		F8178F3721019A4700D2C8B0 /* ViewController.swift */ = {isa = PBXFileReference; lastKnownFileType = sourcecode.swift; path = ViewController.swift; sourceTree = "<group>"; };
		F8178F3A21019A4700D2C8B0 /* Base */ = {isa = PBXFileReference; lastKnownFileType = file.storyboard; name = Base; path = Base.lproj/Main.storyboard; sourceTree = "<group>"; };
		F8178F3C21019A4800D2C8B0 /* Assets.xcassets */ = {isa = PBXFileReference; lastKnownFileType = folder.assetcatalog; path = Assets.xcassets; sourceTree = "<group>"; };
		F8178F3F21019A4800D2C8B0 /* Base */ = {isa = PBXFileReference; lastKnownFileType = file.storyboard; name = Base; path = Base.lproj/LaunchScreen.storyboard; sourceTree = "<group>"; };
		F8178F4121019A4800D2C8B0 /* Info.plist */ = {isa = PBXFileReference; lastKnownFileType = text.plist.xml; path = Info.plist; sourceTree = "<group>"; };
		F8178F4621019A4800D2C8B0 /* TPM-TipCalculatorTests.xctest */ = {isa = PBXFileReference; explicitFileType = wrapper.cfbundle; includeInIndex = 0; path = "TPM-TipCalculatorTests.xctest"; sourceTree = BUILT_PRODUCTS_DIR; };
		F8178F4A21019A4800D2C8B0 /* TPM_TipCalculatorTests.swift */ = {isa = PBXFileReference; lastKnownFileType = sourcecode.swift; path = TPM_TipCalculatorTests.swift; sourceTree = "<group>"; };
		F8178F4C21019A4800D2C8B0 /* Info.plist */ = {isa = PBXFileReference; lastKnownFileType = text.plist.xml; path = Info.plist; sourceTree = "<group>"; };
		F8178F5121019A4800D2C8B0 /* TPM-TipCalculatorUITests.xctest */ = {isa = PBXFileReference; explicitFileType = wrapper.cfbundle; includeInIndex = 0; path = "TPM-TipCalculatorUITests.xctest"; sourceTree = BUILT_PRODUCTS_DIR; };
		F8178F5521019A4800D2C8B0 /* TPM_TipCalculatorUITests.swift */ = {isa = PBXFileReference; lastKnownFileType = sourcecode.swift; path = TPM_TipCalculatorUITests.swift; sourceTree = "<group>"; };
		F8178F5721019A4800D2C8B0 /* Info.plist */ = {isa = PBXFileReference; lastKnownFileType = text.plist.xml; path = Info.plist; sourceTree = "<group>"; };
/* End PBXFileReference section */

/* Begin PBXFrameworksBuildPhase section */
		F8178F2F21019A4700D2C8B0 /* Frameworks */ = {
			isa = PBXFrameworksBuildPhase;
			buildActionMask = 2147483647;
			files = (
			);
			runOnlyForDeploymentPostprocessing = 0;
		};
		F8178F4321019A4800D2C8B0 /* Frameworks */ = {
			isa = PBXFrameworksBuildPhase;
			buildActionMask = 2147483647;
			files = (
			);
			runOnlyForDeploymentPostprocessing = 0;
		};
		F8178F4E21019A4800D2C8B0 /* Frameworks */ = {
			isa = PBXFrameworksBuildPhase;
			buildActionMask = 2147483647;
			files = (
			);
			runOnlyForDeploymentPostprocessing = 0;
		};
/* End PBXFrameworksBuildPhase section */

/* Begin PBXGroup section */
		F8178F2921019A4700D2C8B0 = {
			isa = PBXGroup;
			children = (
				F8178F3421019A4700D2C8B0 /* TPM-TipCalculator */,
				F8178F4921019A4800D2C8B0 /* TPM-TipCalculatorTests */,
				F8178F5421019A4800D2C8B0 /* TPM-TipCalculatorUITests */,
				F8178F3321019A4700D2C8B0 /* Products */,
			);
			sourceTree = "<group>";
		};
		F8178F3321019A4700D2C8B0 /* Products */ = {
			isa = PBXGroup;
			children = (
				F8178F3221019A4700D2C8B0 /* TPM-TipCalculator.app */,
				F8178F4621019A4800D2C8B0 /* TPM-TipCalculatorTests.xctest */,
				F8178F5121019A4800D2C8B0 /* TPM-TipCalculatorUITests.xctest */,
			);
			name = Products;
			sourceTree = "<group>";
		};
		F8178F3421019A4700D2C8B0 /* TPM-TipCalculator */ = {
			isa = PBXGroup;
			children = (
				F8178F3521019A4700D2C8B0 /* AppDelegate.swift */,
				F8178F3721019A4700D2C8B0 /* ViewController.swift */,
				F8178F3921019A4700D2C8B0 /* Main.storyboard */,
				F8178F3C21019A4800D2C8B0 /* Assets.xcassets */,
				F8178F3E21019A4800D2C8B0 /* LaunchScreen.storyboard */,
				F8178F4121019A4800D2C8B0 /* Info.plist */,
			);
			path = "TPM-TipCalculator";
			sourceTree = "<group>";
		};
		F8178F4921019A4800D2C8B0 /* TPM-TipCalculatorTests */ = {
			isa = PBXGroup;
			children = (
				F8178F4A21019A4800D2C8B0 /* TPM_TipCalculatorTests.swift */,
				F8178F4C21019A4800D2C8B0 /* Info.plist */,
			);
			path = "TPM-TipCalculatorTests";
			sourceTree = "<group>";
		};
		F8178F5421019A4800D2C8B0 /* TPM-TipCalculatorUITests */ = {
			isa = PBXGroup;
			children = (
				F8178F5521019A4800D2C8B0 /* TPM_TipCalculatorUITests.swift */,
				F8178F5721019A4800D2C8B0 /* Info.plist */,
			);
			path = "TPM-TipCalculatorUITests";
			sourceTree = "<group>";
		};
/* End PBXGroup section */

/* Begin PBXNativeTarget section */
		F8178F3121019A4700D2C8B0 /* TPM-TipCalculator */ = {
			isa = PBXNativeTarget;
			buildConfigurationList = F8178F5A21019A4900D2C8B0 /* Build configuration list for PBXNativeTarget "TPM-TipCalculator" */;
			buildPhases = (
				F8178F2E21019A4700D2C8B0 /* Sources */,
				F8178F2F21019A4700D2C8B0 /* Frameworks */,
				F8178F3021019A4700D2C8B0 /* Resources */,
			);
			buildRules = (
			);
			dependencies = (
			);
			name = "TPM-TipCalculator";
			productName = "TPM-TipCalculator";
			productReference = F8178F3221019A4700D2C8B0 /* TPM-TipCalculator.app */;
			productType = "com.apple.product-type.application";
		};
		F8178F4521019A4800D2C8B0 /* TPM-TipCalculatorTests */ = {
			isa = PBXNativeTarget;
			buildConfigurationList = F8178F5D21019A4900D2C8B0 /* Build configuration list for PBXNativeTarget "TPM-TipCalculatorTests" */;
			buildPhases = (
				F8178F4221019A4800D2C8B0 /* Sources */,
				F8178F4321019A4800D2C8B0 /* Frameworks */,
				F8178F4421019A4800D2C8B0 /* Resources */,
			);
			buildRules = (
			);
			dependencies = (
				F8178F4821019A4800D2C8B0 /* PBXTargetDependency */,
			);
			name = "TPM-TipCalculatorTests";
			productName = "TPM-TipCalculatorTests";
			productReference = F8178F4621019A4800D2C8B0 /* TPM-TipCalculatorTests.xctest */;
			productType = "com.apple.product-type.bundle.unit-test";
		};
		F8178F5021019A4800D2C8B0 /* TPM-TipCalculatorUITests */ = {
			isa = PBXNativeTarget;
			buildConfigurationList = F8178F6021019A4900D2C8B0 /* Build configuration list for PBXNativeTarget "TPM-TipCalculatorUITests" */;
			buildPhases = (
				F8178F4D21019A4800D2C8B0 /* Sources */,
				F8178F4E21019A4800D2C8B0 /* Frameworks */,
				F8178F4F21019A4800D2C8B0 /* Resources */,
			);
			buildRules = (
			);
			dependencies = (
				F8178F5321019A4800D2C8B0 /* PBXTargetDependency */,
			);
			name = "TPM-TipCalculatorUITests";
			productName = "TPM-TipCalculatorUITests";
			productReference = F8178F5121019A4800D2C8B0 /* TPM-TipCalculatorUITests.xctest */;
			productType = "com.apple.product-type.bundle.ui-testing";
		};
/* End PBXNativeTarget section */

/* Begin PBXProject section */
		F8178F2A21019A4700D2C8B0 /* Project object */ = {
			isa = PBXProject;
			attributes = {
				LastSwiftUpdateCheck = 0940;
				LastUpgradeCheck = 0940;
				ORGANIZATIONNAME = "Anish Adhikari";
				TargetAttributes = {
					F8178F3121019A4700D2C8B0 = {
						CreatedOnToolsVersion = 9.4.1;
					};
					F8178F4521019A4800D2C8B0 = {
						CreatedOnToolsVersion = 9.4.1;
						TestTargetID = F8178F3121019A4700D2C8B0;
					};
					F8178F5021019A4800D2C8B0 = {
						CreatedOnToolsVersion = 9.4.1;
						TestTargetID = F8178F3121019A4700D2C8B0;
					};
				};
			};
			buildConfigurationList = F8178F2D21019A4700D2C8B0 /* Build configuration list for PBXProject "TPM-TipCalculator" */;
			compatibilityVersion = "Xcode 9.3";
			developmentRegion = en;
			hasScannedForEncodings = 0;
			knownRegions = (
				en,
				Base,
			);
			mainGroup = F8178F2921019A4700D2C8B0;
			productRefGroup = F8178F3321019A4700D2C8B0 /* Products */;
			projectDirPath = "";
			projectRoot = "";
			targets = (
				F8178F3121019A4700D2C8B0 /* TPM-TipCalculator */,
				F8178F4521019A4800D2C8B0 /* TPM-TipCalculatorTests */,
				F8178F5021019A4800D2C8B0 /* TPM-TipCalculatorUITests */,
			);
		};
/* End PBXProject section */

/* Begin PBXResourcesBuildPhase section */
		F8178F3021019A4700D2C8B0 /* Resources */ = {
			isa = PBXResourcesBuildPhase;
			buildActionMask = 2147483647;
			files = (
				F8178F4021019A4800D2C8B0 /* LaunchScreen.storyboard in Resources */,
				F8178F3D21019A4800D2C8B0 /* Assets.xcassets in Resources */,
				F8178F3B21019A4700D2C8B0 /* Main.storyboard in Resources */,
			);
			runOnlyForDeploymentPostprocessing = 0;
		};
		F8178F4421019A4800D2C8B0 /* Resources */ = {
			isa = PBXResourcesBuildPhase;
			buildActionMask = 2147483647;
			files = (
			);
			runOnlyForDeploymentPostprocessing = 0;
		};
		F8178F4F21019A4800D2C8B0 /* Resources */ = {
			isa = PBXResourcesBuildPhase;
			buildActionMask = 2147483647;
			files = (
			);
			runOnlyForDeploymentPostprocessing = 0;
		};
/* End PBXResourcesBuildPhase section */

/* Begin PBXSourcesBuildPhase section */
		F8178F2E21019A4700D2C8B0 /* Sources */ = {
			isa = PBXSourcesBuildPhase;
			buildActionMask = 2147483647;
			files = (
				F8178F3821019A4700D2C8B0 /* ViewController.swift in Sources */,
				F8178F3621019A4700D2C8B0 /* AppDelegate.swift in Sources */,
			);
			runOnlyForDeploymentPostprocessing = 0;
		};
		F8178F4221019A4800D2C8B0 /* Sources */ = {
			isa = PBXSourcesBuildPhase;
			buildActionMask = 2147483647;
			files = (
				F8178F4B21019A4800D2C8B0 /* TPM_TipCalculatorTests.swift in Sources */,
			);
			runOnlyForDeploymentPostprocessing = 0;
		};
		F8178F4D21019A4800D2C8B0 /* Sources */ = {
			isa = PBXSourcesBuildPhase;
			buildActionMask = 2147483647;
			files = (
				F8178F5621019A4800D2C8B0 /* TPM_TipCalculatorUITests.swift in Sources */,
			);
			runOnlyForDeploymentPostprocessing = 0;
		};
/* End PBXSourcesBuildPhase section */

/* Begin PBXTargetDependency section */
		F8178F4821019A4800D2C8B0 /* PBXTargetDependency */ = {
			isa = PBXTargetDependency;
			target = F8178F3121019A4700D2C8B0 /* TPM-TipCalculator */;
			targetProxy = F8178F4721019A4800D2C8B0 /* PBXContainerItemProxy */;
		};
		F8178F5321019A4800D2C8B0 /* PBXTargetDependency */ = {
			isa = PBXTargetDependency;
			target = F8178F3121019A4700D2C8B0 /* TPM-TipCalculator */;
			targetProxy = F8178F5221019A4800D2C8B0 /* PBXContainerItemProxy */;
		};
/* End PBXTargetDependency section */

/* Begin PBXVariantGroup section */
		F8178F3921019A4700D2C8B0 /* Main.storyboard */ = {
			isa = PBXVariantGroup;
			children = (
				F8178F3A21019A4700D2C8B0 /* Base */,
			);
			name = Main.storyboard;
			sourceTree = "<group>";
		};
		F8178F3E21019A4800D2C8B0 /* LaunchScreen.storyboard */ = {
			isa = PBXVariantGroup;
			children = (
				F8178F3F21019A4800D2C8B0 /* Base */,
			);
			name = LaunchScreen.storyboard;
			sourceTree = "<group>";
		};
/* End PBXVariantGroup section */

/* Begin XCBuildConfiguration section */
		F8178F5821019A4800D2C8B0 /* Debug */ = {
			isa = XCBuildConfiguration;
			buildSettings = {
				ALWAYS_SEARCH_USER_PATHS = NO;
				CLANG_ANALYZER_NONNULL = YES;
				CLANG_ANALYZER_NUMBER_OBJECT_CONVERSION = YES_AGGRESSIVE;
				CLANG_CXX_LANGUAGE_STANDARD = "gnu++14";
				CLANG_CXX_LIBRARY = "libc++";
				CLANG_ENABLE_MODULES = YES;
				CLANG_ENABLE_OBJC_ARC = YES;
				CLANG_ENABLE_OBJC_WEAK = YES;
				CLANG_WARN_BLOCK_CAPTURE_AUTORELEASING = YES;
				CLANG_WARN_BOOL_CONVERSION = YES;
				CLANG_WARN_COMMA = YES;
				CLANG_WARN_CONSTANT_CONVERSION = YES;
				CLANG_WARN_DEPRECATED_OBJC_IMPLEMENTATIONS = YES;
				CLANG_WARN_DIRECT_OBJC_ISA_USAGE = YES_ERROR;
				CLANG_WARN_DOCUMENTATION_COMMENTS = YES;
				CLANG_WARN_EMPTY_BODY = YES;
				CLANG_WARN_ENUM_CONVERSION = YES;
				CLANG_WARN_INFINITE_RECURSION = YES;
				CLANG_WARN_INT_CONVERSION = YES;
				CLANG_WARN_NON_LITERAL_NULL_CONVERSION = YES;
				CLANG_WARN_OBJC_IMPLICIT_RETAIN_SELF = YES;
				CLANG_WARN_OBJC_LITERAL_CONVERSION = YES;
				CLANG_WARN_OBJC_ROOT_CLASS = YES_ERROR;
				CLANG_WARN_RANGE_LOOP_ANALYSIS = YES;
				CLANG_WARN_STRICT_PROTOTYPES = YES;
				CLANG_WARN_SUSPICIOUS_MOVE = YES;
				CLANG_WARN_UNGUARDED_AVAILABILITY = YES_AGGRESSIVE;
				CLANG_WARN_UNREACHABLE_CODE = YES;
				CLANG_WARN__DUPLICATE_METHOD_MATCH = YES;
				CODE_SIGN_IDENTITY = "iPhone Developer";
				COPY_PHASE_STRIP = NO;
				DEBUG_INFORMATION_FORMAT = dwarf;
				ENABLE_STRICT_OBJC_MSGSEND = YES;
				ENABLE_TESTABILITY = YES;
				GCC_C_LANGUAGE_STANDARD = gnu11;
				GCC_DYNAMIC_NO_PIC = NO;
				GCC_NO_COMMON_BLOCKS = YES;
				GCC_OPTIMIZATION_LEVEL = 0;
				GCC_PREPROCESSOR_DEFINITIONS = (
					"DEBUG=1",
					"$(inherited)",
				);
				GCC_WARN_64_TO_32_BIT_CONVERSION = YES;
				GCC_WARN_ABOUT_RETURN_TYPE = YES_ERROR;
				GCC_WARN_UNDECLARED_SELECTOR = YES;
				GCC_WARN_UNINITIALIZED_AUTOS = YES_AGGRESSIVE;
				GCC_WARN_UNUSED_FUNCTION = YES;
				GCC_WARN_UNUSED_VARIABLE = YES;
				IPHONEOS_DEPLOYMENT_TARGET = 11.4;
				MTL_ENABLE_DEBUG_INFO = YES;
				ONLY_ACTIVE_ARCH = YES;
				SDKROOT = iphoneos;
				SWIFT_ACTIVE_COMPILATION_CONDITIONS = DEBUG;
				SWIFT_OPTIMIZATION_LEVEL = "-Onone";
			};
			name = Debug;
		};
		F8178F5921019A4800D2C8B0 /* Release */ = {
			isa = XCBuildConfiguration;
			buildSettings = {
				ALWAYS_SEARCH_USER_PATHS = NO;
				CLANG_ANALYZER_NONNULL = YES;
				CLANG_ANALYZER_NUMBER_OBJECT_CONVERSION = YES_AGGRESSIVE;
				CLANG_CXX_LANGUAGE_STANDARD = "gnu++14";
				CLANG_CXX_LIBRARY = "libc++";
				CLANG_ENABLE_MODULES = YES;
				CLANG_ENABLE_OBJC_ARC = YES;
				CLANG_ENABLE_OBJC_WEAK = YES;
				CLANG_WARN_BLOCK_CAPTURE_AUTORELEASING = YES;
				CLANG_WARN_BOOL_CONVERSION = YES;
				CLANG_WARN_COMMA = YES;
				CLANG_WARN_CONSTANT_CONVERSION = YES;
				CLANG_WARN_DEPRECATED_OBJC_IMPLEMENTATIONS = YES;
				CLANG_WARN_DIRECT_OBJC_ISA_USAGE = YES_ERROR;
				CLANG_WARN_DOCUMENTATION_COMMENTS = YES;
				CLANG_WARN_EMPTY_BODY = YES;
				CLANG_WARN_ENUM_CONVERSION = YES;
				CLANG_WARN_INFINITE_RECURSION = YES;
				CLANG_WARN_INT_CONVERSION = YES;
				CLANG_WARN_NON_LITERAL_NULL_CONVERSION = YES;
				CLANG_WARN_OBJC_IMPLICIT_RETAIN_SELF = YES;
				CLANG_WARN_OBJC_LITERAL_CONVERSION = YES;
				CLANG_WARN_OBJC_ROOT_CLASS = YES_ERROR;
				CLANG_WARN_RANGE_LOOP_ANALYSIS = YES;
				CLANG_WARN_STRICT_PROTOTYPES = YES;
				CLANG_WARN_SUSPICIOUS_MOVE = YES;
				CLANG_WARN_UNGUARDED_AVAILABILITY = YES_AGGRESSIVE;
				CLANG_WARN_UNREACHABLE_CODE = YES;
				CLANG_WARN__DUPLICATE_METHOD_MATCH = YES;
				CODE_SIGN_IDENTITY = "iPhone Developer";
				COPY_PHASE_STRIP = NO;
				DEBUG_INFORMATION_FORMAT = "dwarf-with-dsym";
				ENABLE_NS_ASSERTIONS = NO;
				ENABLE_STRICT_OBJC_MSGSEND = YES;
				GCC_C_LANGUAGE_STANDARD = gnu11;
				GCC_NO_COMMON_BLOCKS = YES;
				GCC_WARN_64_TO_32_BIT_CONVERSION = YES;
				GCC_WARN_ABOUT_RETURN_TYPE = YES_ERROR;
				GCC_WARN_UNDECLARED_SELECTOR = YES;
				GCC_WARN_UNINITIALIZED_AUTOS = YES_AGGRESSIVE;
				GCC_WARN_UNUSED_FUNCTION = YES;
				GCC_WARN_UNUSED_VARIABLE = YES;
				IPHONEOS_DEPLOYMENT_TARGET = 11.4;
				MTL_ENABLE_DEBUG_INFO = NO;
				SDKROOT = iphoneos;
				SWIFT_COMPILATION_MODE = wholemodule;
				SWIFT_OPTIMIZATION_LEVEL = "-O";
				VALIDATE_PRODUCT = YES;
			};
			name = Release;
		};
		F8178F5B21019A4900D2C8B0 /* Debug */ = {
			isa = XCBuildConfiguration;
			buildSettings = {
				ASSETCATALOG_COMPILER_APPICON_NAME = AppIcon;
				CODE_SIGN_STYLE = Automatic;
				DEVELOPMENT_TEAM = 6JTJHCFQH8;
				INFOPLIST_FILE = "TPM-TipCalculator/Info.plist";
				LD_RUNPATH_SEARCH_PATHS = (
					"$(inherited)",
					"@executable_path/Frameworks",
				);
				PRODUCT_BUNDLE_IDENTIFIER = "com.aadhikari.TPM-TipCalculator";
				PRODUCT_NAME = "$(TARGET_NAME)";
				SWIFT_VERSION = 4.0;
				TARGETED_DEVICE_FAMILY = "1,2";
			};
			name = Debug;
		};
		F8178F5C21019A4900D2C8B0 /* Release */ = {
			isa = XCBuildConfiguration;
			buildSettings = {
				ASSETCATALOG_COMPILER_APPICON_NAME = AppIcon;
				CODE_SIGN_STYLE = Automatic;
				DEVELOPMENT_TEAM = 6JTJHCFQH8;
				INFOPLIST_FILE = "TPM-TipCalculator/Info.plist";
				LD_RUNPATH_SEARCH_PATHS = (
					"$(inherited)",
					"@executable_path/Frameworks",
				);
				PRODUCT_BUNDLE_IDENTIFIER = "com.aadhikari.TPM-TipCalculator";
				PRODUCT_NAME = "$(TARGET_NAME)";
				SWIFT_VERSION = 4.0;
				TARGETED_DEVICE_FAMILY = "1,2";
			};
			name = Release;
		};
		F8178F5E21019A4900D2C8B0 /* Debug */ = {
			isa = XCBuildConfiguration;
			buildSettings = {
				ALWAYS_EMBED_SWIFT_STANDARD_LIBRARIES = YES;
				BUNDLE_LOADER = "$(TEST_HOST)";
				CODE_SIGN_STYLE = Automatic;
				DEVELOPMENT_TEAM = 6JTJHCFQH8;
				INFOPLIST_FILE = "TPM-TipCalculatorTests/Info.plist";
				LD_RUNPATH_SEARCH_PATHS = (
					"$(inherited)",
					"@executable_path/Frameworks",
					"@loader_path/Frameworks",
				);
				PRODUCT_BUNDLE_IDENTIFIER = "com.aadhikari.TPM-TipCalculatorTests";
				PRODUCT_NAME = "$(TARGET_NAME)";
				SWIFT_VERSION = 4.0;
				TARGETED_DEVICE_FAMILY = "1,2";
				TEST_HOST = "$(BUILT_PRODUCTS_DIR)/TPM-TipCalculator.app/TPM-TipCalculator";
			};
			name = Debug;
		};
		F8178F5F21019A4900D2C8B0 /* Release */ = {
			isa = XCBuildConfiguration;
			buildSettings = {
				ALWAYS_EMBED_SWIFT_STANDARD_LIBRARIES = YES;
				BUNDLE_LOADER = "$(TEST_HOST)";
				CODE_SIGN_STYLE = Automatic;
				DEVELOPMENT_TEAM = 6JTJHCFQH8;
				INFOPLIST_FILE = "TPM-TipCalculatorTests/Info.plist";
				LD_RUNPATH_SEARCH_PATHS = (
					"$(inherited)",
					"@executable_path/Frameworks",
					"@loader_path/Frameworks",
				);
				PRODUCT_BUNDLE_IDENTIFIER = "com.aadhikari.TPM-TipCalculatorTests";
				PRODUCT_NAME = "$(TARGET_NAME)";
				SWIFT_VERSION = 4.0;
				TARGETED_DEVICE_FAMILY = "1,2";
				TEST_HOST = "$(BUILT_PRODUCTS_DIR)/TPM-TipCalculator.app/TPM-TipCalculator";
			};
			name = Release;
		};
		F8178F6121019A4900D2C8B0 /* Debug */ = {
			isa = XCBuildConfiguration;
			buildSettings = {
				ALWAYS_EMBED_SWIFT_STANDARD_LIBRARIES = YES;
				CODE_SIGN_STYLE = Automatic;
				DEVELOPMENT_TEAM = 6JTJHCFQH8;
				INFOPLIST_FILE = "TPM-TipCalculatorUITests/Info.plist";
				LD_RUNPATH_SEARCH_PATHS = (
					"$(inherited)",
					"@executable_path/Frameworks",
					"@loader_path/Frameworks",
				);
				PRODUCT_BUNDLE_IDENTIFIER = "com.aadhikari.TPM-TipCalculatorUITests";
				PRODUCT_NAME = "$(TARGET_NAME)";
				SWIFT_VERSION = 4.0;
				TARGETED_DEVICE_FAMILY = "1,2";
				TEST_TARGET_NAME = "TPM-TipCalculator";
			};
			name = Debug;
		};
		F8178F6221019A4900D2C8B0 /* Release */ = {
			isa = XCBuildConfiguration;
			buildSettings = {
				ALWAYS_EMBED_SWIFT_STANDARD_LIBRARIES = YES;
				CODE_SIGN_STYLE = Automatic;
				DEVELOPMENT_TEAM = 6JTJHCFQH8;
				INFOPLIST_FILE = "TPM-TipCalculatorUITests/Info.plist";
				LD_RUNPATH_SEARCH_PATHS = (
					"$(inherited)",
					"@executable_path/Frameworks",
					"@loader_path/Frameworks",
				);
				PRODUCT_BUNDLE_IDENTIFIER = "com.aadhikari.TPM-TipCalculatorUITests";
				PRODUCT_NAME = "$(TARGET_NAME)";
				SWIFT_VERSION = 4.0;
				TARGETED_DEVICE_FAMILY = "1,2";
				TEST_TARGET_NAME = "TPM-TipCalculator";
			};
			name = Release;
		};
/* End XCBuildConfiguration section */

/* Begin XCConfigurationList section */
		F8178F2D21019A4700D2C8B0 /* Build configuration list for PBXProject "TPM-TipCalculator" */ = {
			isa = XCConfigurationList;
			buildConfigurations = (
				F8178F5821019A4800D2C8B0 /* Debug */,
				F8178F5921019A4800D2C8B0 /* Release */,
			);
			defaultConfigurationIsVisible = 0;
			defaultConfigurationName = Release;
		};
		F8178F5A21019A4900D2C8B0 /* Build configuration list for PBXNativeTarget "TPM-TipCalculator" */ = {
			isa = XCConfigurationList;
			buildConfigurations = (
				F8178F5B21019A4900D2C8B0 /* Debug */,
				F8178F5C21019A4900D2C8B0 /* Release */,
			);
			defaultConfigurationIsVisible = 0;
			defaultConfigurationName = Release;
		};
		F8178F5D21019A4900D2C8B0 /* Build configuration list for PBXNativeTarget "TPM-TipCalculatorTests" */ = {
			isa = XCConfigurationList;
			buildConfigurations = (
				F8178F5E21019A4900D2C8B0 /* Debug */,
				F8178F5F21019A4900D2C8B0 /* Release */,
			);
			defaultConfigurationIsVisible = 0;
			defaultConfigurationName = Release;
		};
		F8178F6021019A4900D2C8B0 /* Build configuration list for PBXNativeTarget "TPM-TipCalculatorUITests" */ = {
			isa = XCConfigurationList;
			buildConfigurations = (
				F8178F6121019A4900D2C8B0 /* Debug */,
				F8178F6221019A4900D2C8B0 /* Release */,
			);
			defaultConfigurationIsVisible = 0;
			defaultConfigurationName = Release;
		};
/* End XCConfigurationList section */
	};
	rootObject = F8178F2A21019A4700D2C8B0 /* Project object */;
}
